// !$*UTF8*$!
{
	archiveVersion = 1;
	classes = {
	};
	objectVersion = 54;
	objects = {

/* Begin PBXBuildFile section */
		9357C4FC2A4F441B00CF4C88 /* AppDelegate.swift in Sources */ = {isa = PBXBuildFile; fileRef = 9357C4FB2A4F441B00CF4C88 /* AppDelegate.swift */; };
		9357C4FE2A4F441B00CF4C88 /* SceneDelegate.swift in Sources */ = {isa = PBXBuildFile; fileRef = 9357C4FD2A4F441B00CF4C88 /* SceneDelegate.swift */; };
		9357C5002A4F441B00CF4C88 /* ViewController.swift in Sources */ = {isa = PBXBuildFile; fileRef = 9357C4FF2A4F441B00CF4C88 /* ViewController.swift */; };
		9357C5032A4F441B00CF4C88 /* Main.storyboard in Resources */ = {isa = PBXBuildFile; fileRef = 9357C5012A4F441B00CF4C88 /* Main.storyboard */; };
		9357C5052A4F441D00CF4C88 /* Assets.xcassets in Resources */ = {isa = PBXBuildFile; fileRef = 9357C5042A4F441D00CF4C88 /* Assets.xcassets */; };
		9357C5082A4F441D00CF4C88 /* LaunchScreen.storyboard in Resources */ = {isa = PBXBuildFile; fileRef = 9357C5062A4F441D00CF4C88 /* LaunchScreen.storyboard */; };
		9357C5132A4F441D00CF4C88 /* InterestingNumbersTests.swift in Sources */ = {isa = PBXBuildFile; fileRef = 9357C5122A4F441D00CF4C88 /* InterestingNumbersTests.swift */; };
		9357C51D2A4F441D00CF4C88 /* InterestingNumbersUITests.swift in Sources */ = {isa = PBXBuildFile; fileRef = 9357C51C2A4F441D00CF4C88 /* InterestingNumbersUITests.swift */; };
		9357C51F2A4F441D00CF4C88 /* InterestingNumbersUITestsLaunchTests.swift in Sources */ = {isa = PBXBuildFile; fileRef = 9357C51E2A4F441D00CF4C88 /* InterestingNumbersUITestsLaunchTests.swift */; };
		9357C5322A4F4CE500CF4C88 /* MainScreen.swift in Sources */ = {isa = PBXBuildFile; fileRef = 9357C5312A4F4CE500CF4C88 /* MainScreen.swift */; };
		9357C5342A4F4F0800CF4C88 /* Extensions.swift in Sources */ = {isa = PBXBuildFile; fileRef = 9357C5332A4F4F0800CF4C88 /* Extensions.swift */; };
		939102FF2A531749002A4810 /* FactsViewController.swift in Sources */ = {isa = PBXBuildFile; fileRef = 939102FE2A531749002A4810 /* FactsViewController.swift */; };
		939103012A531B0A002A4810 /* NumberCell.swift in Sources */ = {isa = PBXBuildFile; fileRef = 939103002A531B0A002A4810 /* NumberCell.swift */; };
		93B8B1222A53242E007A74B6 /* OpenSans-Bold.ttf in Resources */ = {isa = PBXBuildFile; fileRef = 93B8B11F2A5323FF007A74B6 /* OpenSans-Bold.ttf */; };
		93B8B1232A532431007A74B6 /* OpenSans-Light.ttf in Resources */ = {isa = PBXBuildFile; fileRef = 93B8B1202A5323FF007A74B6 /* OpenSans-Light.ttf */; };
		93B8B1242A532433007A74B6 /* OpenSans-Regular.ttf in Resources */ = {isa = PBXBuildFile; fileRef = 93B8B1212A5323FF007A74B6 /* OpenSans-Regular.ttf */; };
		93B8B1262A532467007A74B6 /* OpenSans-SemiBold.ttf in Resources */ = {isa = PBXBuildFile; fileRef = 93B8B1252A532464007A74B6 /* OpenSans-SemiBold.ttf */; };
		93B8B1282A532801007A74B6 /* NumbersManager.swift in Sources */ = {isa = PBXBuildFile; fileRef = 93B8B1272A532801007A74B6 /* NumbersManager.swift */; };
		93B8B12F2A5390A2007A74B6 /* Constants.swift in Sources */ = {isa = PBXBuildFile; fileRef = 93B8B12E2A5390A2007A74B6 /* Constants.swift */; };
		93B8B1302A546DAE007A74B6 /* NumbersManager.swift in Sources */ = {isa = PBXBuildFile; fileRef = 93B8B1272A532801007A74B6 /* NumbersManager.swift */; };
		93DF31032A507A9000B55099 /* SnapKit in Frameworks */ = {isa = PBXBuildFile; productRef = 93DF31022A507A9000B55099 /* SnapKit */; };
/* End PBXBuildFile section */

/* Begin PBXContainerItemProxy section */
		9357C50F2A4F441D00CF4C88 /* PBXContainerItemProxy */ = {
			isa = PBXContainerItemProxy;
			containerPortal = 9357C4F02A4F441B00CF4C88 /* Project object */;
			proxyType = 1;
			remoteGlobalIDString = 9357C4F72A4F441B00CF4C88;
			remoteInfo = InterestingNumbers;
		};
		9357C5192A4F441D00CF4C88 /* PBXContainerItemProxy */ = {
			isa = PBXContainerItemProxy;
			containerPortal = 9357C4F02A4F441B00CF4C88 /* Project object */;
			proxyType = 1;
			remoteGlobalIDString = 9357C4F72A4F441B00CF4C88;
			remoteInfo = InterestingNumbers;
		};
/* End PBXContainerItemProxy section */

/* Begin PBXFileReference section */
		9357C4F82A4F441B00CF4C88 /* InterestingNumbers.app */ = {isa = PBXFileReference; explicitFileType = wrapper.application; includeInIndex = 0; path = InterestingNumbers.app; sourceTree = BUILT_PRODUCTS_DIR; };
		9357C4FB2A4F441B00CF4C88 /* AppDelegate.swift */ = {isa = PBXFileReference; lastKnownFileType = sourcecode.swift; path = AppDelegate.swift; sourceTree = "<group>"; };
		9357C4FD2A4F441B00CF4C88 /* SceneDelegate.swift */ = {isa = PBXFileReference; lastKnownFileType = sourcecode.swift; path = SceneDelegate.swift; sourceTree = "<group>"; };
		9357C4FF2A4F441B00CF4C88 /* ViewController.swift */ = {isa = PBXFileReference; lastKnownFileType = sourcecode.swift; path = ViewController.swift; sourceTree = "<group>"; };
		9357C5022A4F441B00CF4C88 /* Base */ = {isa = PBXFileReference; lastKnownFileType = file.storyboard; name = Base; path = Base.lproj/Main.storyboard; sourceTree = "<group>"; };
		9357C5042A4F441D00CF4C88 /* Assets.xcassets */ = {isa = PBXFileReference; lastKnownFileType = folder.assetcatalog; path = Assets.xcassets; sourceTree = "<group>"; };
		9357C5072A4F441D00CF4C88 /* Base */ = {isa = PBXFileReference; lastKnownFileType = file.storyboard; name = Base; path = Base.lproj/LaunchScreen.storyboard; sourceTree = "<group>"; };
		9357C5092A4F441D00CF4C88 /* Info.plist */ = {isa = PBXFileReference; lastKnownFileType = text.plist.xml; path = Info.plist; sourceTree = "<group>"; };
		9357C50E2A4F441D00CF4C88 /* InterestingNumbersTests.xctest */ = {isa = PBXFileReference; explicitFileType = wrapper.cfbundle; includeInIndex = 0; path = InterestingNumbersTests.xctest; sourceTree = BUILT_PRODUCTS_DIR; };
		9357C5122A4F441D00CF4C88 /* InterestingNumbersTests.swift */ = {isa = PBXFileReference; lastKnownFileType = sourcecode.swift; path = InterestingNumbersTests.swift; sourceTree = "<group>"; };
		9357C5182A4F441D00CF4C88 /* InterestingNumbersUITests.xctest */ = {isa = PBXFileReference; explicitFileType = wrapper.cfbundle; includeInIndex = 0; path = InterestingNumbersUITests.xctest; sourceTree = BUILT_PRODUCTS_DIR; };
		9357C51C2A4F441D00CF4C88 /* InterestingNumbersUITests.swift */ = {isa = PBXFileReference; lastKnownFileType = sourcecode.swift; path = InterestingNumbersUITests.swift; sourceTree = "<group>"; };
		9357C51E2A4F441D00CF4C88 /* InterestingNumbersUITestsLaunchTests.swift */ = {isa = PBXFileReference; lastKnownFileType = sourcecode.swift; path = InterestingNumbersUITestsLaunchTests.swift; sourceTree = "<group>"; };
		9357C5312A4F4CE500CF4C88 /* MainScreen.swift */ = {isa = PBXFileReference; lastKnownFileType = sourcecode.swift; path = MainScreen.swift; sourceTree = "<group>"; };
		9357C5332A4F4F0800CF4C88 /* Extensions.swift */ = {isa = PBXFileReference; lastKnownFileType = sourcecode.swift; path = Extensions.swift; sourceTree = "<group>"; };
		939102FE2A531749002A4810 /* FactsViewController.swift */ = {isa = PBXFileReference; lastKnownFileType = sourcecode.swift; path = FactsViewController.swift; sourceTree = "<group>"; };
		939103002A531B0A002A4810 /* NumberCell.swift */ = {isa = PBXFileReference; lastKnownFileType = sourcecode.swift; path = NumberCell.swift; sourceTree = "<group>"; };
		93B8B11F2A5323FF007A74B6 /* OpenSans-Bold.ttf */ = {isa = PBXFileReference; lastKnownFileType = file; name = "OpenSans-Bold.ttf"; path = "../../../../../Downloads/OpenSans-Bold.ttf"; sourceTree = "<group>"; };
		93B8B1202A5323FF007A74B6 /* OpenSans-Light.ttf */ = {isa = PBXFileReference; lastKnownFileType = file; name = "OpenSans-Light.ttf"; path = "../../../../../Downloads/OpenSans-Light.ttf"; sourceTree = "<group>"; };
		93B8B1212A5323FF007A74B6 /* OpenSans-Regular.ttf */ = {isa = PBXFileReference; lastKnownFileType = file; name = "OpenSans-Regular.ttf"; path = "../../../../../Downloads/OpenSans-Regular.ttf"; sourceTree = "<group>"; };
		93B8B1252A532464007A74B6 /* OpenSans-SemiBold.ttf */ = {isa = PBXFileReference; lastKnownFileType = file; name = "OpenSans-SemiBold.ttf"; path = "../../../../../Downloads/Open_Sans/static/OpenSans-SemiBold.ttf"; sourceTree = "<group>"; };
		93B8B1272A532801007A74B6 /* NumbersManager.swift */ = {isa = PBXFileReference; lastKnownFileType = sourcecode.swift; path = NumbersManager.swift; sourceTree = "<group>"; };
		93B8B12E2A5390A2007A74B6 /* Constants.swift */ = {isa = PBXFileReference; lastKnownFileType = sourcecode.swift; path = Constants.swift; sourceTree = "<group>"; };
/* End PBXFileReference section */

/* Begin PBXFrameworksBuildPhase section */
		9357C4F52A4F441B00CF4C88 /* Frameworks */ = {
			isa = PBXFrameworksBuildPhase;
			buildActionMask = 2147483647;
			files = (
				93DF31032A507A9000B55099 /* SnapKit in Frameworks */,
			);
			runOnlyForDeploymentPostprocessing = 0;
		};
		9357C50B2A4F441D00CF4C88 /* Frameworks */ = {
			isa = PBXFrameworksBuildPhase;
			buildActionMask = 2147483647;
			files = (
			);
			runOnlyForDeploymentPostprocessing = 0;
		};
		9357C5152A4F441D00CF4C88 /* Frameworks */ = {
			isa = PBXFrameworksBuildPhase;
			buildActionMask = 2147483647;
			files = (
			);
			runOnlyForDeploymentPostprocessing = 0;
		};
/* End PBXFrameworksBuildPhase section */

/* Begin PBXGroup section */
		9357C4EF2A4F441B00CF4C88 = {
			isa = PBXGroup;
			children = (
				9357C4FA2A4F441B00CF4C88 /* InterestingNumbers */,
				9357C5112A4F441D00CF4C88 /* InterestingNumbersTests */,
				9357C51B2A4F441D00CF4C88 /* InterestingNumbersUITests */,
				9357C4F92A4F441B00CF4C88 /* Products */,
			);
			sourceTree = "<group>";
		};
		9357C4F92A4F441B00CF4C88 /* Products */ = {
			isa = PBXGroup;
			children = (
				9357C4F82A4F441B00CF4C88 /* InterestingNumbers.app */,
				9357C50E2A4F441D00CF4C88 /* InterestingNumbersTests.xctest */,
				9357C5182A4F441D00CF4C88 /* InterestingNumbersUITests.xctest */,
			);
			name = Products;
			sourceTree = "<group>";
		};
		9357C4FA2A4F441B00CF4C88 /* InterestingNumbers */ = {
			isa = PBXGroup;
			children = (
				9357C4FB2A4F441B00CF4C88 /* AppDelegate.swift */,
				9357C4FD2A4F441B00CF4C88 /* SceneDelegate.swift */,
				93B8B12E2A5390A2007A74B6 /* Constants.swift */,
				93B8B12C2A538E3D007A74B6 /* ViewController */,
				93B8B12D2A538E49007A74B6 /* Model */,
				93B8B12B2A538E15007A74B6 /* View */,
				93B8B11E2A5323ED007A74B6 /* Fonts */,
				9357C5012A4F441B00CF4C88 /* Main.storyboard */,
				9357C5042A4F441D00CF4C88 /* Assets.xcassets */,
				9357C5062A4F441D00CF4C88 /* LaunchScreen.storyboard */,
				9357C5092A4F441D00CF4C88 /* Info.plist */,
			);
			path = InterestingNumbers;
			sourceTree = "<group>";
		};
		9357C5112A4F441D00CF4C88 /* InterestingNumbersTests */ = {
			isa = PBXGroup;
			children = (
				9357C5122A4F441D00CF4C88 /* InterestingNumbersTests.swift */,
			);
			path = InterestingNumbersTests;
			sourceTree = "<group>";
		};
		9357C51B2A4F441D00CF4C88 /* InterestingNumbersUITests */ = {
			isa = PBXGroup;
			children = (
				9357C51C2A4F441D00CF4C88 /* InterestingNumbersUITests.swift */,
				9357C51E2A4F441D00CF4C88 /* InterestingNumbersUITestsLaunchTests.swift */,
			);
			path = InterestingNumbersUITests;
			sourceTree = "<group>";
		};
		93B8B11E2A5323ED007A74B6 /* Fonts */ = {
			isa = PBXGroup;
			children = (
				93B8B11F2A5323FF007A74B6 /* OpenSans-Bold.ttf */,
				93B8B1202A5323FF007A74B6 /* OpenSans-Light.ttf */,
				93B8B1252A532464007A74B6 /* OpenSans-SemiBold.ttf */,
				93B8B1212A5323FF007A74B6 /* OpenSans-Regular.ttf */,
			);
			path = Fonts;
			sourceTree = "<group>";
		};
		93B8B12B2A538E15007A74B6 /* View */ = {
			isa = PBXGroup;
			children = (
				9357C5312A4F4CE500CF4C88 /* MainScreen.swift */,
				939103002A531B0A002A4810 /* NumberCell.swift */,
			);
			path = View;
			sourceTree = "<group>";
		};
		93B8B12C2A538E3D007A74B6 /* ViewController */ = {
			isa = PBXGroup;
			children = (
				9357C4FF2A4F441B00CF4C88 /* ViewController.swift */,
				939102FE2A531749002A4810 /* FactsViewController.swift */,
			);
			path = ViewController;
			sourceTree = "<group>";
		};
		93B8B12D2A538E49007A74B6 /* Model */ = {
			isa = PBXGroup;
			children = (
				93B8B1272A532801007A74B6 /* NumbersManager.swift */,
				9357C5332A4F4F0800CF4C88 /* Extensions.swift */,
			);
			path = Model;
			sourceTree = "<group>";
		};
/* End PBXGroup section */

/* Begin PBXNativeTarget section */
		9357C4F72A4F441B00CF4C88 /* InterestingNumbers */ = {
			isa = PBXNativeTarget;
			buildConfigurationList = 9357C5222A4F441D00CF4C88 /* Build configuration list for PBXNativeTarget "InterestingNumbers" */;
			buildPhases = (
				9357C4F42A4F441B00CF4C88 /* Sources */,
				9357C4F52A4F441B00CF4C88 /* Frameworks */,
				9357C4F62A4F441B00CF4C88 /* Resources */,
			);
			buildRules = (
			);
			dependencies = (
			);
			name = InterestingNumbers;
			packageProductDependencies = (
				93DF31022A507A9000B55099 /* SnapKit */,
			);
			productName = InterestingNumbers;
			productReference = 9357C4F82A4F441B00CF4C88 /* InterestingNumbers.app */;
			productType = "com.apple.product-type.application";
		};
		9357C50D2A4F441D00CF4C88 /* InterestingNumbersTests */ = {
			isa = PBXNativeTarget;
			buildConfigurationList = 9357C5252A4F441D00CF4C88 /* Build configuration list for PBXNativeTarget "InterestingNumbersTests" */;
			buildPhases = (
				9357C50A2A4F441D00CF4C88 /* Sources */,
				9357C50B2A4F441D00CF4C88 /* Frameworks */,
				9357C50C2A4F441D00CF4C88 /* Resources */,
			);
			buildRules = (
			);
			dependencies = (
				9357C5102A4F441D00CF4C88 /* PBXTargetDependency */,
			);
			name = InterestingNumbersTests;
			productName = InterestingNumbersTests;
			productReference = 9357C50E2A4F441D00CF4C88 /* InterestingNumbersTests.xctest */;
			productType = "com.apple.product-type.bundle.unit-test";
		};
		9357C5172A4F441D00CF4C88 /* InterestingNumbersUITests */ = {
			isa = PBXNativeTarget;
			buildConfigurationList = 9357C5282A4F441D00CF4C88 /* Build configuration list for PBXNativeTarget "InterestingNumbersUITests" */;
			buildPhases = (
				9357C5142A4F441D00CF4C88 /* Sources */,
				9357C5152A4F441D00CF4C88 /* Frameworks */,
				9357C5162A4F441D00CF4C88 /* Resources */,
			);
			buildRules = (
			);
			dependencies = (
				9357C51A2A4F441D00CF4C88 /* PBXTargetDependency */,
			);
			name = InterestingNumbersUITests;
			productName = InterestingNumbersUITests;
			productReference = 9357C5182A4F441D00CF4C88 /* InterestingNumbersUITests.xctest */;
			productType = "com.apple.product-type.bundle.ui-testing";
		};
/* End PBXNativeTarget section */

/* Begin PBXProject section */
		9357C4F02A4F441B00CF4C88 /* Project object */ = {
			isa = PBXProject;
			attributes = {
				BuildIndependentTargetsInParallel = 1;
				LastSwiftUpdateCheck = 1430;
				LastUpgradeCheck = 1430;
				TargetAttributes = {
					9357C4F72A4F441B00CF4C88 = {
						CreatedOnToolsVersion = 14.3.1;
					};
					9357C50D2A4F441D00CF4C88 = {
						CreatedOnToolsVersion = 14.3.1;
						TestTargetID = 9357C4F72A4F441B00CF4C88;
					};
					9357C5172A4F441D00CF4C88 = {
						CreatedOnToolsVersion = 14.3.1;
						TestTargetID = 9357C4F72A4F441B00CF4C88;
					};
				};
			};
			buildConfigurationList = 9357C4F32A4F441B00CF4C88 /* Build configuration list for PBXProject "InterestingNumbers" */;
			compatibilityVersion = "Xcode 12.0";
			developmentRegion = en;
			hasScannedForEncodings = 0;
			knownRegions = (
				en,
				Base,
			);
			mainGroup = 9357C4EF2A4F441B00CF4C88;
			packageReferences = (
				93DF31012A507A9000B55099 /* XCRemoteSwiftPackageReference "SnapKit" */,
			);
			productRefGroup = 9357C4F92A4F441B00CF4C88 /* Products */;
			projectDirPath = "";
			projectRoot = "";
			targets = (
				9357C4F72A4F441B00CF4C88 /* InterestingNumbers */,
				9357C50D2A4F441D00CF4C88 /* InterestingNumbersTests */,
				9357C5172A4F441D00CF4C88 /* InterestingNumbersUITests */,
			);
		};
/* End PBXProject section */

/* Begin PBXResourcesBuildPhase section */
		9357C4F62A4F441B00CF4C88 /* Resources */ = {
			isa = PBXResourcesBuildPhase;
			buildActionMask = 2147483647;
			files = (
				9357C5082A4F441D00CF4C88 /* LaunchScreen.storyboard in Resources */,
				9357C5052A4F441D00CF4C88 /* Assets.xcassets in Resources */,
				93B8B1262A532467007A74B6 /* OpenSans-SemiBold.ttf in Resources */,
				93B8B1222A53242E007A74B6 /* OpenSans-Bold.ttf in Resources */,
				93B8B1232A532431007A74B6 /* OpenSans-Light.ttf in Resources */,
				93B8B1242A532433007A74B6 /* OpenSans-Regular.ttf in Resources */,
				9357C5032A4F441B00CF4C88 /* Main.storyboard in Resources */,
			);
			runOnlyForDeploymentPostprocessing = 0;
		};
		9357C50C2A4F441D00CF4C88 /* Resources */ = {
			isa = PBXResourcesBuildPhase;
			buildActionMask = 2147483647;
			files = (
			);
			runOnlyForDeploymentPostprocessing = 0;
		};
		9357C5162A4F441D00CF4C88 /* Resources */ = {
			isa = PBXResourcesBuildPhase;
			buildActionMask = 2147483647;
			files = (
			);
			runOnlyForDeploymentPostprocessing = 0;
		};
/* End PBXResourcesBuildPhase section */

/* Begin PBXSourcesBuildPhase section */
		9357C4F42A4F441B00CF4C88 /* Sources */ = {
			isa = PBXSourcesBuildPhase;
			buildActionMask = 2147483647;
			files = (
				9357C5342A4F4F0800CF4C88 /* Extensions.swift in Sources */,
				93B8B1282A532801007A74B6 /* NumbersManager.swift in Sources */,
				939102FF2A531749002A4810 /* FactsViewController.swift in Sources */,
				9357C5322A4F4CE500CF4C88 /* MainScreen.swift in Sources */,
				9357C5002A4F441B00CF4C88 /* ViewController.swift in Sources */,
				9357C4FC2A4F441B00CF4C88 /* AppDelegate.swift in Sources */,
				9357C4FE2A4F441B00CF4C88 /* SceneDelegate.swift in Sources */,
				939103012A531B0A002A4810 /* NumberCell.swift in Sources */,
				93B8B12F2A5390A2007A74B6 /* Constants.swift in Sources */,
			);
			runOnlyForDeploymentPostprocessing = 0;
		};
		9357C50A2A4F441D00CF4C88 /* Sources */ = {
			isa = PBXSourcesBuildPhase;
			buildActionMask = 2147483647;
			files = (
				93B8B1302A546DAE007A74B6 /* NumbersManager.swift in Sources */,
				9357C5132A4F441D00CF4C88 /* InterestingNumbersTests.swift in Sources */,
			);
			runOnlyForDeploymentPostprocessing = 0;
		};
		9357C5142A4F441D00CF4C88 /* Sources */ = {
			isa = PBXSourcesBuildPhase;
			buildActionMask = 2147483647;
			files = (
				9357C51F2A4F441D00CF4C88 /* InterestingNumbersUITestsLaunchTests.swift in Sources */,
				9357C51D2A4F441D00CF4C88 /* InterestingNumbersUITests.swift in Sources */,
			);
			runOnlyForDeploymentPostprocessing = 0;
		};
/* End PBXSourcesBuildPhase section */

/* Begin PBXTargetDependency section */
		9357C5102A4F441D00CF4C88 /* PBXTargetDependency */ = {
			isa = PBXTargetDependency;
			target = 9357C4F72A4F441B00CF4C88 /* InterestingNumbers */;
			targetProxy = 9357C50F2A4F441D00CF4C88 /* PBXContainerItemProxy */;
		};
		9357C51A2A4F441D00CF4C88 /* PBXTargetDependency */ = {
			isa = PBXTargetDependency;
			target = 9357C4F72A4F441B00CF4C88 /* InterestingNumbers */;
			targetProxy = 9357C5192A4F441D00CF4C88 /* PBXContainerItemProxy */;
		};
/* End PBXTargetDependency section */

/* Begin PBXVariantGroup section */
		9357C5012A4F441B00CF4C88 /* Main.storyboard */ = {
			isa = PBXVariantGroup;
			children = (
				9357C5022A4F441B00CF4C88 /* Base */,
			);
			name = Main.storyboard;
			sourceTree = "<group>";
		};
		9357C5062A4F441D00CF4C88 /* LaunchScreen.storyboard */ = {
			isa = PBXVariantGroup;
			children = (
				9357C5072A4F441D00CF4C88 /* Base */,
			);
			name = LaunchScreen.storyboard;
			sourceTree = "<group>";
		};
/* End PBXVariantGroup section */

/* Begin XCBuildConfiguration section */
		9357C5202A4F441D00CF4C88 /* Debug */ = {
			isa = XCBuildConfiguration;
			buildSettings = {
				ALWAYS_SEARCH_USER_PATHS = NO;
				CLANG_ANALYZER_NONNULL = YES;
				CLANG_ANALYZER_NUMBER_OBJECT_CONVERSION = YES_AGGRESSIVE;
				CLANG_CXX_LANGUAGE_STANDARD = "gnu++20";
				CLANG_ENABLE_MODULES = YES;
				CLANG_ENABLE_OBJC_ARC = YES;
				CLANG_ENABLE_OBJC_WEAK = YES;
				CLANG_WARN_BLOCK_CAPTURE_AUTORELEASING = YES;
				CLANG_WARN_BOOL_CONVERSION = YES;
				CLANG_WARN_COMMA = YES;
				CLANG_WARN_CONSTANT_CONVERSION = YES;
				CLANG_WARN_DEPRECATED_OBJC_IMPLEMENTATIONS = YES;
				CLANG_WARN_DIRECT_OBJC_ISA_USAGE = YES_ERROR;
				CLANG_WARN_DOCUMENTATION_COMMENTS = YES;
				CLANG_WARN_EMPTY_BODY = YES;
				CLANG_WARN_ENUM_CONVERSION = YES;
				CLANG_WARN_INFINITE_RECURSION = YES;
				CLANG_WARN_INT_CONVERSION = YES;
				CLANG_WARN_NON_LITERAL_NULL_CONVERSION = YES;
				CLANG_WARN_OBJC_IMPLICIT_RETAIN_SELF = YES;
				CLANG_WARN_OBJC_LITERAL_CONVERSION = YES;
				CLANG_WARN_OBJC_ROOT_CLASS = YES_ERROR;
				CLANG_WARN_QUOTED_INCLUDE_IN_FRAMEWORK_HEADER = YES;
				CLANG_WARN_RANGE_LOOP_ANALYSIS = YES;
				CLANG_WARN_STRICT_PROTOTYPES = YES;
				CLANG_WARN_SUSPICIOUS_MOVE = YES;
				CLANG_WARN_UNGUARDED_AVAILABILITY = YES_AGGRESSIVE;
				CLANG_WARN_UNREACHABLE_CODE = YES;
				CLANG_WARN__DUPLICATE_METHOD_MATCH = YES;
				COPY_PHASE_STRIP = NO;
				DEBUG_INFORMATION_FORMAT = dwarf;
				ENABLE_STRICT_OBJC_MSGSEND = YES;
				ENABLE_TESTABILITY = YES;
				GCC_C_LANGUAGE_STANDARD = gnu11;
				GCC_DYNAMIC_NO_PIC = NO;
				GCC_NO_COMMON_BLOCKS = YES;
				GCC_OPTIMIZATION_LEVEL = 0;
				GCC_PREPROCESSOR_DEFINITIONS = (
					"DEBUG=1",
					"$(inherited)",
				);
				GCC_WARN_64_TO_32_BIT_CONVERSION = YES;
				GCC_WARN_ABOUT_RETURN_TYPE = YES_ERROR;
				GCC_WARN_UNDECLARED_SELECTOR = YES;
				GCC_WARN_UNINITIALIZED_AUTOS = YES_AGGRESSIVE;
				GCC_WARN_UNUSED_FUNCTION = YES;
				GCC_WARN_UNUSED_VARIABLE = YES;
				IPHONEOS_DEPLOYMENT_TARGET = 13.0;
				MTL_ENABLE_DEBUG_INFO = INCLUDE_SOURCE;
				MTL_FAST_MATH = YES;
				ONLY_ACTIVE_ARCH = YES;
				SDKROOT = iphoneos;
				SWIFT_ACTIVE_COMPILATION_CONDITIONS = DEBUG;
				SWIFT_OPTIMIZATION_LEVEL = "-Onone";
			};
			name = Debug;
		};
		9357C5212A4F441D00CF4C88 /* Release */ = {
			isa = XCBuildConfiguration;
			buildSettings = {
				ALWAYS_SEARCH_USER_PATHS = NO;
				CLANG_ANALYZER_NONNULL = YES;
				CLANG_ANALYZER_NUMBER_OBJECT_CONVERSION = YES_AGGRESSIVE;
				CLANG_CXX_LANGUAGE_STANDARD = "gnu++20";
				CLANG_ENABLE_MODULES = YES;
				CLANG_ENABLE_OBJC_ARC = YES;
				CLANG_ENABLE_OBJC_WEAK = YES;
				CLANG_WARN_BLOCK_CAPTURE_AUTORELEASING = YES;
				CLANG_WARN_BOOL_CONVERSION = YES;
				CLANG_WARN_COMMA = YES;
				CLANG_WARN_CONSTANT_CONVERSION = YES;
				CLANG_WARN_DEPRECATED_OBJC_IMPLEMENTATIONS = YES;
				CLANG_WARN_DIRECT_OBJC_ISA_USAGE = YES_ERROR;
				CLANG_WARN_DOCUMENTATION_COMMENTS = YES;
				CLANG_WARN_EMPTY_BODY = YES;
				CLANG_WARN_ENUM_CONVERSION = YES;
				CLANG_WARN_INFINITE_RECURSION = YES;
				CLANG_WARN_INT_CONVERSION = YES;
				CLANG_WARN_NON_LITERAL_NULL_CONVERSION = YES;
				CLANG_WARN_OBJC_IMPLICIT_RETAIN_SELF = YES;
				CLANG_WARN_OBJC_LITERAL_CONVERSION = YES;
				CLANG_WARN_OBJC_ROOT_CLASS = YES_ERROR;
				CLANG_WARN_QUOTED_INCLUDE_IN_FRAMEWORK_HEADER = YES;
				CLANG_WARN_RANGE_LOOP_ANALYSIS = YES;
				CLANG_WARN_STRICT_PROTOTYPES = YES;
				CLANG_WARN_SUSPICIOUS_MOVE = YES;
				CLANG_WARN_UNGUARDED_AVAILABILITY = YES_AGGRESSIVE;
				CLANG_WARN_UNREACHABLE_CODE = YES;
				CLANG_WARN__DUPLICATE_METHOD_MATCH = YES;
				COPY_PHASE_STRIP = NO;
				DEBUG_INFORMATION_FORMAT = "dwarf-with-dsym";
				ENABLE_NS_ASSERTIONS = NO;
				ENABLE_STRICT_OBJC_MSGSEND = YES;
				GCC_C_LANGUAGE_STANDARD = gnu11;
				GCC_NO_COMMON_BLOCKS = YES;
				GCC_WARN_64_TO_32_BIT_CONVERSION = YES;
				GCC_WARN_ABOUT_RETURN_TYPE = YES_ERROR;
				GCC_WARN_UNDECLARED_SELECTOR = YES;
				GCC_WARN_UNINITIALIZED_AUTOS = YES_AGGRESSIVE;
				GCC_WARN_UNUSED_FUNCTION = YES;
				GCC_WARN_UNUSED_VARIABLE = YES;
				IPHONEOS_DEPLOYMENT_TARGET = 13.0;
				MTL_ENABLE_DEBUG_INFO = NO;
				MTL_FAST_MATH = YES;
				SDKROOT = iphoneos;
				SWIFT_COMPILATION_MODE = wholemodule;
				SWIFT_OPTIMIZATION_LEVEL = "-O";
				VALIDATE_PRODUCT = YES;
			};
			name = Release;
		};
		9357C5232A4F441D00CF4C88 /* Debug */ = {
			isa = XCBuildConfiguration;
			buildSettings = {
				ASSETCATALOG_COMPILER_APPICON_NAME = AppIcon;
				ASSETCATALOG_COMPILER_GLOBAL_ACCENT_COLOR_NAME = AccentColor;
				CODE_SIGN_STYLE = Automatic;
				CURRENT_PROJECT_VERSION = 1;
				DEVELOPMENT_TEAM = 63ZB4894ZK;
				GENERATE_INFOPLIST_FILE = YES;
				INFOPLIST_FILE = InterestingNumbers/Info.plist;
				INFOPLIST_KEY_UIApplicationSupportsIndirectInputEvents = YES;
				INFOPLIST_KEY_UILaunchStoryboardName = LaunchScreen;
				INFOPLIST_KEY_UIMainStoryboardFile = Main;
				INFOPLIST_KEY_UISupportedInterfaceOrientations_iPad = "UIInterfaceOrientationPortrait UIInterfaceOrientationPortraitUpsideDown UIInterfaceOrientationLandscapeLeft UIInterfaceOrientationLandscapeRight";
				INFOPLIST_KEY_UISupportedInterfaceOrientations_iPhone = "UIInterfaceOrientationPortrait UIInterfaceOrientationLandscapeLeft UIInterfaceOrientationLandscapeRight";
				LD_RUNPATH_SEARCH_PATHS = (
					"$(inherited)",
					"@executable_path/Frameworks",
				);
				MARKETING_VERSION = 1.0;
				PRODUCT_BUNDLE_IDENTIFIER = com.testapp.InterestingNumbers;
				PRODUCT_NAME = "$(TARGET_NAME)";
				SWIFT_EMIT_LOC_STRINGS = YES;
				SWIFT_VERSION = 5.0;
				TARGETED_DEVICE_FAMILY = "1,2";
			};
			name = Debug;
		};
		9357C5242A4F441D00CF4C88 /* Release */ = {
			isa = XCBuildConfiguration;
			buildSettings = {
				ASSETCATALOG_COMPILER_APPICON_NAME = AppIcon;
				ASSETCATALOG_COMPILER_GLOBAL_ACCENT_COLOR_NAME = AccentColor;
				CODE_SIGN_STYLE = Automatic;
				CURRENT_PROJECT_VERSION = 1;
				DEVELOPMENT_TEAM = 63ZB4894ZK;
				GENERATE_INFOPLIST_FILE = YES;
				INFOPLIST_FILE = InterestingNumbers/Info.plist;
				INFOPLIST_KEY_UIApplicationSupportsIndirectInputEvents = YES;
				INFOPLIST_KEY_UILaunchStoryboardName = LaunchScreen;
				INFOPLIST_KEY_UIMainStoryboardFile = Main;
				INFOPLIST_KEY_UISupportedInterfaceOrientations_iPad = "UIInterfaceOrientationPortrait UIInterfaceOrientationPortraitUpsideDown UIInterfaceOrientationLandscapeLeft UIInterfaceOrientationLandscapeRight";
				INFOPLIST_KEY_UISupportedInterfaceOrientations_iPhone = "UIInterfaceOrientationPortrait UIInterfaceOrientationLandscapeLeft UIInterfaceOrientationLandscapeRight";
				LD_RUNPATH_SEARCH_PATHS = (
					"$(inherited)",
					"@executable_path/Frameworks",
				);
				MARKETING_VERSION = 1.0;
				PRODUCT_BUNDLE_IDENTIFIER = com.testapp.InterestingNumbers;
				PRODUCT_NAME = "$(TARGET_NAME)";
				SWIFT_EMIT_LOC_STRINGS = YES;
				SWIFT_VERSION = 5.0;
				TARGETED_DEVICE_FAMILY = "1,2";
			};
			name = Release;
		};
		9357C5262A4F441D00CF4C88 /* Debug */ = {
			isa = XCBuildConfiguration;
			buildSettings = {
				ALWAYS_EMBED_SWIFT_STANDARD_LIBRARIES = YES;
				BUNDLE_LOADER = "$(TEST_HOST)";
				CODE_SIGN_STYLE = Automatic;
				CURRENT_PROJECT_VERSION = 1;
				DEVELOPMENT_TEAM = 63ZB4894ZK;
				GENERATE_INFOPLIST_FILE = YES;
				IPHONEOS_DEPLOYMENT_TARGET = 16.4;
				MARKETING_VERSION = 1.0;
				PRODUCT_BUNDLE_IDENTIFIER = com.testapp.InterestingNumbersTests;
				PRODUCT_NAME = "$(TARGET_NAME)";
				SWIFT_EMIT_LOC_STRINGS = NO;
				SWIFT_VERSION = 5.0;
				TARGETED_DEVICE_FAMILY = "1,2";
				TEST_HOST = "$(BUILT_PRODUCTS_DIR)/InterestingNumbers.app/$(BUNDLE_EXECUTABLE_FOLDER_PATH)/InterestingNumbers";
			};
			name = Debug;
		};
		9357C5272A4F441D00CF4C88 /* Release */ = {
			isa = XCBuildConfiguration;
			buildSettings = {
				ALWAYS_EMBED_SWIFT_STANDARD_LIBRARIES = YES;
				BUNDLE_LOADER = "$(TEST_HOST)";
				CODE_SIGN_STYLE = Automatic;
				CURRENT_PROJECT_VERSION = 1;
				DEVELOPMENT_TEAM = 63ZB4894ZK;
				GENERATE_INFOPLIST_FILE = YES;
				IPHONEOS_DEPLOYMENT_TARGET = 16.4;
				MARKETING_VERSION = 1.0;
				PRODUCT_BUNDLE_IDENTIFIER = com.testapp.InterestingNumbersTests;
				PRODUCT_NAME = "$(TARGET_NAME)";
				SWIFT_EMIT_LOC_STRINGS = NO;
				SWIFT_VERSION = 5.0;
				TARGETED_DEVICE_FAMILY = "1,2";
				TEST_HOST = "$(BUILT_PRODUCTS_DIR)/InterestingNumbers.app/$(BUNDLE_EXECUTABLE_FOLDER_PATH)/InterestingNumbers";
			};
			name = Release;
		};
		9357C5292A4F441D00CF4C88 /* Debug */ = {
			isa = XCBuildConfiguration;
			buildSettings = {
				ALWAYS_EMBED_SWIFT_STANDARD_LIBRARIES = YES;
				CODE_SIGN_STYLE = Automatic;
				CURRENT_PROJECT_VERSION = 1;
				DEVELOPMENT_TEAM = 63ZB4894ZK;
				GENERATE_INFOPLIST_FILE = YES;
				MARKETING_VERSION = 1.0;
				PRODUCT_BUNDLE_IDENTIFIER = com.testapp.InterestingNumbersUITests;
				PRODUCT_NAME = "$(TARGET_NAME)";
				SWIFT_EMIT_LOC_STRINGS = NO;
				SWIFT_VERSION = 5.0;
				TARGETED_DEVICE_FAMILY = "1,2";
				TEST_TARGET_NAME = InterestingNumbers;
			};
			name = Debug;
		};
		9357C52A2A4F441D00CF4C88 /* Release */ = {
			isa = XCBuildConfiguration;
			buildSettings = {
				ALWAYS_EMBED_SWIFT_STANDARD_LIBRARIES = YES;
				CODE_SIGN_STYLE = Automatic;
				CURRENT_PROJECT_VERSION = 1;
				DEVELOPMENT_TEAM = 63ZB4894ZK;
				GENERATE_INFOPLIST_FILE = YES;
				MARKETING_VERSION = 1.0;
				PRODUCT_BUNDLE_IDENTIFIER = com.testapp.InterestingNumbersUITests;
				PRODUCT_NAME = "$(TARGET_NAME)";
				SWIFT_EMIT_LOC_STRINGS = NO;
				SWIFT_VERSION = 5.0;
				TARGETED_DEVICE_FAMILY = "1,2";
				TEST_TARGET_NAME = InterestingNumbers;
			};
			name = Release;
		};
/* End XCBuildConfiguration section */

/* Begin XCConfigurationList section */
		9357C4F32A4F441B00CF4C88 /* Build configuration list for PBXProject "InterestingNumbers" */ = {
			isa = XCConfigurationList;
			buildConfigurations = (
				9357C5202A4F441D00CF4C88 /* Debug */,
				9357C5212A4F441D00CF4C88 /* Release */,
			);
			defaultConfigurationIsVisible = 0;
			defaultConfigurationName = Release;
		};
		9357C5222A4F441D00CF4C88 /* Build configuration list for PBXNativeTarget "InterestingNumbers" */ = {
			isa = XCConfigurationList;
			buildConfigurations = (
				9357C5232A4F441D00CF4C88 /* Debug */,
				9357C5242A4F441D00CF4C88 /* Release */,
			);
			defaultConfigurationIsVisible = 0;
			defaultConfigurationName = Release;
		};
		9357C5252A4F441D00CF4C88 /* Build configuration list for PBXNativeTarget "InterestingNumbersTests" */ = {
			isa = XCConfigurationList;
			buildConfigurations = (
				9357C5262A4F441D00CF4C88 /* Debug */,
				9357C5272A4F441D00CF4C88 /* Release */,
			);
			defaultConfigurationIsVisible = 0;
			defaultConfigurationName = Release;
		};
		9357C5282A4F441D00CF4C88 /* Build configuration list for PBXNativeTarget "InterestingNumbersUITests" */ = {
			isa = XCConfigurationList;
			buildConfigurations = (
				9357C5292A4F441D00CF4C88 /* Debug */,
				9357C52A2A4F441D00CF4C88 /* Release */,
			);
			defaultConfigurationIsVisible = 0;
			defaultConfigurationName = Release;
		};
/* End XCConfigurationList section */

/* Begin XCRemoteSwiftPackageReference section */
		93DF31012A507A9000B55099 /* XCRemoteSwiftPackageReference "SnapKit" */ = {
			isa = XCRemoteSwiftPackageReference;
			repositoryURL = "https://github.com/SnapKit/SnapKit";
			requirement = {
				kind = upToNextMajorVersion;
				minimumVersion = 5.0.0;
			};
		};
/* End XCRemoteSwiftPackageReference section */

/* Begin XCSwiftPackageProductDependency section */
		93DF31022A507A9000B55099 /* SnapKit */ = {
			isa = XCSwiftPackageProductDependency;
			package = 93DF31012A507A9000B55099 /* XCRemoteSwiftPackageReference "SnapKit" */;
			productName = SnapKit;
		};
/* End XCSwiftPackageProductDependency section */
	};
	rootObject = 9357C4F02A4F441B00CF4C88 /* Project object */;
}
